
Microsoft Visual Studio Solution File, Format Version 12.00
Project("{FAE04EC0-301F-11D3-BF4B-00C04F79EFBC}") = "Calculator", "Calculator\Calculator.csproj", "{602E40FD-1647-47F4-B5EE-CF1682AA3F9F}"
EndProject
Project("{FAE04EC0-301F-11D3-BF4B-00C04F79EFBC}") = "CalculatorLibrary", "CalculatorLibrary\CalculatorLibrary.csproj", "{7D08495E-59AE-490C-A7A7-41E7EC4ADDBB}"
EndProject
Global
	GlobalSection(SolutionConfigurationPlatforms) = preSolution
		Debug|Any CPU = Debug|Any CPU
		Release|Any CPU = Release|Any CPU
	EndGlobalSection
	GlobalSection(ProjectConfigurationPlatforms) = postSolution
		{602E40FD-1647-47F4-B5EE-CF1682AA3F9F}.Debug|Any CPU.ActiveCfg = Debug|Any CPU
		{602E40FD-1647-47F4-B5EE-CF1682AA3F9F}.Debug|Any CPU.Build.0 = Debug|Any CPU
		{602E40FD-1647-47F4-B5EE-CF1682AA3F9F}.Release|Any CPU.ActiveCfg = Release|Any CPU
		{602E40FD-1647-47F4-B5EE-CF1682AA3F9F}.Release|Any CPU.Build.0 = Release|Any CPU
		{7D08495E-59AE-490C-A7A7-41E7EC4ADDBB}.Debug|Any CPU.ActiveCfg = Debug|Any CPU
		{7D08495E-59AE-490C-A7A7-41E7EC4ADDBB}.Debug|Any CPU.Build.0 = Debug|Any CPU
		{7D08495E-59AE-490C-A7A7-41E7EC4ADDBB}.Release|Any CPU.ActiveCfg = Release|Any CPU
		{7D08495E-59AE-490C-A7A7-41E7EC4ADDBB}.Release|Any CPU.Build.0 = Release|Any CPU
	EndGlobalSection
EndGlobal
